
Microsoft Visual Studio Solution File, Format Version 12.00
# Visual Studio Version 17
VisualStudioVersion = 17.4.33122.133
MinimumVisualStudioVersion = 10.0.40219.1
Project("{8BC9CEB8-8B4A-11D0-8D11-00A0C91BC942}") = "Subtitlizer 0.0.3", "Subtitlizer 0.0.3\Subtitlizer 0.0.3.vcxproj", "{D4AABB7A-6FD7-486F-8E04-7702F3F7D93C}"
EndProject
Global
	GlobalSection(SolutionConfigurationPlatforms) = preSolution
		Debug|x64 = Debug|x64
		Debug|x86 = Debug|x86
		Release|x64 = Release|x64
		Release|x86 = Release|x86
	EndGlobalSection
	GlobalSection(ProjectConfigurationPlatforms) = postSolution
		{D4AABB7A-6FD7-486F-8E04-7702F3F7D93C}.Debug|x64.ActiveCfg = Debug|x64
		{D4AABB7A-6FD7-486F-8E04-7702F3F7D93C}.Debug|x64.Build.0 = Debug|x64
		{D4AABB7A-6FD7-486F-8E04-7702F3F7D93C}.Debug|x86.ActiveCfg = Debug|Win32
		{D4AABB7A-6FD7-486F-8E04-7702F3F7D93C}.Debug|x86.Build.0 = Debug|Win32
		{D4AABB7A-6FD7-486F-8E04-7702F3F7D93C}.Release|x64.ActiveCfg = Release|x64
		{D4AABB7A-6FD7-486F-8E04-7702F3F7D93C}.Release|x64.Build.0 = Release|x64
		{D4AABB7A-6FD7-486F-8E04-7702F3F7D93C}.Release|x86.ActiveCfg = Release|Win32
		{D4AABB7A-6FD7-486F-8E04-7702F3F7D93C}.Release|x86.Build.0 = Release|Win32
	EndGlobalSection
	GlobalSection(SolutionProperties) = preSolution
		HideSolutionNode = FALSE
	EndGlobalSection
	GlobalSection(ExtensibilityGlobals) = postSolution
		SolutionGuid = {02A5483C-803B-4F4C-9EC2-FCC04E3AA503}
	EndGlobalSection
EndGlobal
